// !$*UTF8*$!
{
	archiveVersion = 1;
	classes = {
	};
	objectVersion = 55;
	objects = {

/* Begin PBXBuildFile section */
		9244A41727D62E7A005F49B8 /* CitySightsApp.swift in Sources */ = {isa = PBXBuildFile; fileRef = 9244A41627D62E7A005F49B8 /* CitySightsApp.swift */; };
		9244A41927D62E7A005F49B8 /* LaunchView.swift in Sources */ = {isa = PBXBuildFile; fileRef = 9244A41827D62E7A005F49B8 /* LaunchView.swift */; };
		9244A41B27D62E7C005F49B8 /* Assets.xcassets in Resources */ = {isa = PBXBuildFile; fileRef = 9244A41A27D62E7C005F49B8 /* Assets.xcassets */; };
		9244A41E27D62E7C005F49B8 /* Preview Assets.xcassets in Resources */ = {isa = PBXBuildFile; fileRef = 9244A41D27D62E7C005F49B8 /* Preview Assets.xcassets */; };
		9244A42927D630C8005F49B8 /* ContentModel.swift in Sources */ = {isa = PBXBuildFile; fileRef = 9244A42827D630C8005F49B8 /* ContentModel.swift */; };
		9244A42B27DA7E0E005F49B8 /* Business.swift in Sources */ = {isa = PBXBuildFile; fileRef = 9244A42A27DA7E0E005F49B8 /* Business.swift */; };
		9244A42D27DE00C2005F49B8 /* BusinessSearch.swift in Sources */ = {isa = PBXBuildFile; fileRef = 9244A42C27DE00C2005F49B8 /* BusinessSearch.swift */; };
		9244A43027DE048A005F49B8 /* Constants.swift in Sources */ = {isa = PBXBuildFile; fileRef = 9244A42F27DE048A005F49B8 /* Constants.swift */; };
		9244A43527DE0782005F49B8 /* HomeView.swift in Sources */ = {isa = PBXBuildFile; fileRef = 9244A43427DE0782005F49B8 /* HomeView.swift */; };
		9244A43827DE0E22005F49B8 /* BusinessList.swift in Sources */ = {isa = PBXBuildFile; fileRef = 9244A43727DE0E22005F49B8 /* BusinessList.swift */; };
		9244A43A27DE105A005F49B8 /* BusinessSectionHeader.swift in Sources */ = {isa = PBXBuildFile; fileRef = 9244A43927DE105A005F49B8 /* BusinessSectionHeader.swift */; };
		9244A43C27DE4235005F49B8 /* BusinessSection.swift in Sources */ = {isa = PBXBuildFile; fileRef = 9244A43B27DE4234005F49B8 /* BusinessSection.swift */; };
		9244A43E27DE46FF005F49B8 /* BusinessRow.swift in Sources */ = {isa = PBXBuildFile; fileRef = 9244A43D27DE46FF005F49B8 /* BusinessRow.swift */; };
		9244A44127DE53EA005F49B8 /* BusinessDetail.swift in Sources */ = {isa = PBXBuildFile; fileRef = 9244A44027DE53E9005F49B8 /* BusinessDetail.swift */; };
		9244A44427DE730F005F49B8 /* BusinessMap.swift in Sources */ = {isa = PBXBuildFile; fileRef = 9244A44327DE730F005F49B8 /* BusinessMap.swift */; };
/* End PBXBuildFile section */

/* Begin PBXFileReference section */
		9244A41327D62E7A005F49B8 /* CitySightsApp.app */ = {isa = PBXFileReference; explicitFileType = wrapper.application; includeInIndex = 0; path = CitySightsApp.app; sourceTree = BUILT_PRODUCTS_DIR; };
		9244A41627D62E7A005F49B8 /* CitySightsApp.swift */ = {isa = PBXFileReference; lastKnownFileType = sourcecode.swift; path = CitySightsApp.swift; sourceTree = "<group>"; };
		9244A41827D62E7A005F49B8 /* LaunchView.swift */ = {isa = PBXFileReference; lastKnownFileType = sourcecode.swift; path = LaunchView.swift; sourceTree = "<group>"; };
		9244A41A27D62E7C005F49B8 /* Assets.xcassets */ = {isa = PBXFileReference; lastKnownFileType = folder.assetcatalog; path = Assets.xcassets; sourceTree = "<group>"; };
		9244A41D27D62E7C005F49B8 /* Preview Assets.xcassets */ = {isa = PBXFileReference; lastKnownFileType = folder.assetcatalog; path = "Preview Assets.xcassets"; sourceTree = "<group>"; };
		9244A42827D630C8005F49B8 /* ContentModel.swift */ = {isa = PBXFileReference; lastKnownFileType = sourcecode.swift; path = ContentModel.swift; sourceTree = "<group>"; };
		9244A42A27DA7E0E005F49B8 /* Business.swift */ = {isa = PBXFileReference; lastKnownFileType = sourcecode.swift; path = Business.swift; sourceTree = "<group>"; };
		9244A42C27DE00C2005F49B8 /* BusinessSearch.swift */ = {isa = PBXFileReference; lastKnownFileType = sourcecode.swift; path = BusinessSearch.swift; sourceTree = "<group>"; };
		9244A42F27DE048A005F49B8 /* Constants.swift */ = {isa = PBXFileReference; lastKnownFileType = sourcecode.swift; path = Constants.swift; sourceTree = "<group>"; };
		9244A43427DE0782005F49B8 /* HomeView.swift */ = {isa = PBXFileReference; lastKnownFileType = sourcecode.swift; path = HomeView.swift; sourceTree = "<group>"; };
		9244A43727DE0E22005F49B8 /* BusinessList.swift */ = {isa = PBXFileReference; lastKnownFileType = sourcecode.swift; path = BusinessList.swift; sourceTree = "<group>"; };
		9244A43927DE105A005F49B8 /* BusinessSectionHeader.swift */ = {isa = PBXFileReference; lastKnownFileType = sourcecode.swift; path = BusinessSectionHeader.swift; sourceTree = "<group>"; };
		9244A43B27DE4234005F49B8 /* BusinessSection.swift */ = {isa = PBXFileReference; lastKnownFileType = sourcecode.swift; path = BusinessSection.swift; sourceTree = "<group>"; };
		9244A43D27DE46FF005F49B8 /* BusinessRow.swift */ = {isa = PBXFileReference; lastKnownFileType = sourcecode.swift; path = BusinessRow.swift; sourceTree = "<group>"; };
		9244A44027DE53E9005F49B8 /* BusinessDetail.swift */ = {isa = PBXFileReference; lastKnownFileType = sourcecode.swift; path = BusinessDetail.swift; sourceTree = "<group>"; };
		9244A44327DE730F005F49B8 /* BusinessMap.swift */ = {isa = PBXFileReference; lastKnownFileType = sourcecode.swift; path = BusinessMap.swift; sourceTree = "<group>"; };
/* End PBXFileReference section */

/* Begin PBXFrameworksBuildPhase section */
		9244A41027D62E7A005F49B8 /* Frameworks */ = {
			isa = PBXFrameworksBuildPhase;
			buildActionMask = 2147483647;
			files = (
			);
			runOnlyForDeploymentPostprocessing = 0;
		};
/* End PBXFrameworksBuildPhase section */

/* Begin PBXGroup section */
		9244A40A27D62E7A005F49B8 = {
			isa = PBXGroup;
			children = (
				9244A41527D62E7A005F49B8 /* CitySightsApp */,
				9244A41427D62E7A005F49B8 /* Products */,
			);
			sourceTree = "<group>";
		};
		9244A41427D62E7A005F49B8 /* Products */ = {
			isa = PBXGroup;
			children = (
				9244A41327D62E7A005F49B8 /* CitySightsApp.app */,
			);
			name = Products;
			sourceTree = "<group>";
		};
		9244A41527D62E7A005F49B8 /* CitySightsApp */ = {
			isa = PBXGroup;
			children = (
				9244A42727D62EED005F49B8 /* Views */,
				9244A42627D62EE5005F49B8 /* ViewModels */,
				9244A42527D62EDA005F49B8 /* Models */,
				9244A42E27DE046A005F49B8 /* Helpers */,
				9244A41A27D62E7C005F49B8 /* Assets.xcassets */,
				9244A41C27D62E7C005F49B8 /* Preview Content */,
			);
			path = CitySightsApp;
			sourceTree = "<group>";
		};
		9244A41C27D62E7C005F49B8 /* Preview Content */ = {
			isa = PBXGroup;
			children = (
				9244A41D27D62E7C005F49B8 /* Preview Assets.xcassets */,
			);
			path = "Preview Content";
			sourceTree = "<group>";
		};
		9244A42527D62EDA005F49B8 /* Models */ = {
			isa = PBXGroup;
			children = (
				9244A42A27DA7E0E005F49B8 /* Business.swift */,
				9244A42C27DE00C2005F49B8 /* BusinessSearch.swift */,
			);
			path = Models;
			sourceTree = "<group>";
		};
		9244A42627D62EE5005F49B8 /* ViewModels */ = {
			isa = PBXGroup;
			children = (
				9244A42827D630C8005F49B8 /* ContentModel.swift */,
			);
			path = ViewModels;
			sourceTree = "<group>";
		};
		9244A42727D62EED005F49B8 /* Views */ = {
			isa = PBXGroup;
			children = (
				9244A41827D62E7A005F49B8 /* LaunchView.swift */,
				9244A43327DE076C005F49B8 /* Home */,
				9244A43227DE075E005F49B8 /* Denied */,
				9244A43127DE0751005F49B8 /* Onboarding */,
			);
			path = Views;
			sourceTree = "<group>";
		};
		9244A42E27DE046A005F49B8 /* Helpers */ = {
			isa = PBXGroup;
			children = (
				9244A42F27DE048A005F49B8 /* Constants.swift */,
			);
			path = Helpers;
			sourceTree = "<group>";
		};
		9244A43127DE0751005F49B8 /* Onboarding */ = {
			isa = PBXGroup;
			children = (
			);
			path = Onboarding;
			sourceTree = "<group>";
		};
		9244A43227DE075E005F49B8 /* Denied */ = {
			isa = PBXGroup;
			children = (
			);
			path = Denied;
			sourceTree = "<group>";
		};
		9244A43327DE076C005F49B8 /* Home */ = {
			isa = PBXGroup;
			children = (
				9244A43427DE0782005F49B8 /* HomeView.swift */,
				9244A44227DE72DE005F49B8 /* Map */,
				9244A43627DE0E04005F49B8 /* List */,
			);
			path = Home;
			sourceTree = "<group>";
		};
		9244A43627DE0E04005F49B8 /* List */ = {
			isa = PBXGroup;
			children = (
				9244A41627D62E7A005F49B8 /* CitySightsApp.swift */,
				9244A43727DE0E22005F49B8 /* BusinessList.swift */,
				9244A43927DE105A005F49B8 /* BusinessSectionHeader.swift */,
				9244A43B27DE4234005F49B8 /* BusinessSection.swift */,
				9244A43D27DE46FF005F49B8 /* BusinessRow.swift */,
				9244A43F27DE53D4005F49B8 /* Detail */,
			);
			path = List;
			sourceTree = "<group>";
		};
		9244A43F27DE53D4005F49B8 /* Detail */ = {
			isa = PBXGroup;
			children = (
				9244A44027DE53E9005F49B8 /* BusinessDetail.swift */,
			);
			path = Detail;
			sourceTree = "<group>";
		};
		9244A44227DE72DE005F49B8 /* Map */ = {
			isa = PBXGroup;
			children = (
				9244A44327DE730F005F49B8 /* BusinessMap.swift */,
			);
			path = Map;
			sourceTree = "<group>";
		};
/* End PBXGroup section */

/* Begin PBXNativeTarget section */
		9244A41227D62E7A005F49B8 /* CitySightsApp */ = {
			isa = PBXNativeTarget;
			buildConfigurationList = 9244A42127D62E7C005F49B8 /* Build configuration list for PBXNativeTarget "CitySightsApp" */;
			buildPhases = (
				9244A40F27D62E7A005F49B8 /* Sources */,
				9244A41027D62E7A005F49B8 /* Frameworks */,
				9244A41127D62E7A005F49B8 /* Resources */,
			);
			buildRules = (
			);
			dependencies = (
			);
			name = CitySightsApp;
			productName = CitySightsApp;
			productReference = 9244A41327D62E7A005F49B8 /* CitySightsApp.app */;
			productType = "com.apple.product-type.application";
		};
/* End PBXNativeTarget section */

/* Begin PBXProject section */
		9244A40B27D62E7A005F49B8 /* Project object */ = {
			isa = PBXProject;
			attributes = {
				BuildIndependentTargetsInParallel = 1;
				LastSwiftUpdateCheck = 1320;
				LastUpgradeCheck = 1320;
				TargetAttributes = {
					9244A41227D62E7A005F49B8 = {
						CreatedOnToolsVersion = 13.2.1;
					};
				};
			};
			buildConfigurationList = 9244A40E27D62E7A005F49B8 /* Build configuration list for PBXProject "CitySightsApp" */;
			compatibilityVersion = "Xcode 13.0";
			developmentRegion = en;
			hasScannedForEncodings = 0;
			knownRegions = (
				en,
				Base,
			);
			mainGroup = 9244A40A27D62E7A005F49B8;
			productRefGroup = 9244A41427D62E7A005F49B8 /* Products */;
			projectDirPath = "";
			projectRoot = "";
			targets = (
				9244A41227D62E7A005F49B8 /* CitySightsApp */,
			);
		};
/* End PBXProject section */

/* Begin PBXResourcesBuildPhase section */
		9244A41127D62E7A005F49B8 /* Resources */ = {
			isa = PBXResourcesBuildPhase;
			buildActionMask = 2147483647;
			files = (
				9244A41E27D62E7C005F49B8 /* Preview Assets.xcassets in Resources */,
				9244A41B27D62E7C005F49B8 /* Assets.xcassets in Resources */,
			);
			runOnlyForDeploymentPostprocessing = 0;
		};
/* End PBXResourcesBuildPhase section */

/* Begin PBXSourcesBuildPhase section */
		9244A40F27D62E7A005F49B8 /* Sources */ = {
			isa = PBXSourcesBuildPhase;
			buildActionMask = 2147483647;
			files = (
				9244A41927D62E7A005F49B8 /* LaunchView.swift in Sources */,
				9244A43E27DE46FF005F49B8 /* BusinessRow.swift in Sources */,
				9244A43527DE0782005F49B8 /* HomeView.swift in Sources */,
				9244A42B27DA7E0E005F49B8 /* Business.swift in Sources */,
				9244A43A27DE105A005F49B8 /* BusinessSectionHeader.swift in Sources */,
				9244A41727D62E7A005F49B8 /* CitySightsApp.swift in Sources */,
				9244A44127DE53EA005F49B8 /* BusinessDetail.swift in Sources */,
				9244A42D27DE00C2005F49B8 /* BusinessSearch.swift in Sources */,
				9244A43827DE0E22005F49B8 /* BusinessList.swift in Sources */,
				9244A44427DE730F005F49B8 /* BusinessMap.swift in Sources */,
				9244A43C27DE4235005F49B8 /* BusinessSection.swift in Sources */,
				9244A42927D630C8005F49B8 /* ContentModel.swift in Sources */,
				9244A43027DE048A005F49B8 /* Constants.swift in Sources */,
			);
			runOnlyForDeploymentPostprocessing = 0;
		};
/* End PBXSourcesBuildPhase section */

/* Begin XCBuildConfiguration section */
		9244A41F27D62E7C005F49B8 /* Debug */ = {
			isa = XCBuildConfiguration;
			buildSettings = {
				ALWAYS_SEARCH_USER_PATHS = NO;
				CLANG_ANALYZER_NONNULL = YES;
				CLANG_ANALYZER_NUMBER_OBJECT_CONVERSION = YES_AGGRESSIVE;
				CLANG_CXX_LANGUAGE_STANDARD = "gnu++17";
				CLANG_CXX_LIBRARY = "libc++";
				CLANG_ENABLE_MODULES = YES;
				CLANG_ENABLE_OBJC_ARC = YES;
				CLANG_ENABLE_OBJC_WEAK = YES;
				CLANG_WARN_BLOCK_CAPTURE_AUTORELEASING = YES;
				CLANG_WARN_BOOL_CONVERSION = YES;
				CLANG_WARN_COMMA = YES;
				CLANG_WARN_CONSTANT_CONVERSION = YES;
				CLANG_WARN_DEPRECATED_OBJC_IMPLEMENTATIONS = YES;
				CLANG_WARN_DIRECT_OBJC_ISA_USAGE = YES_ERROR;
				CLANG_WARN_DOCUMENTATION_COMMENTS = YES;
				CLANG_WARN_EMPTY_BODY = YES;
				CLANG_WARN_ENUM_CONVERSION = YES;
				CLANG_WARN_INFINITE_RECURSION = YES;
				CLANG_WARN_INT_CONVERSION = YES;
				CLANG_WARN_NON_LITERAL_NULL_CONVERSION = YES;
				CLANG_WARN_OBJC_IMPLICIT_RETAIN_SELF = YES;
				CLANG_WARN_OBJC_LITERAL_CONVERSION = YES;
				CLANG_WARN_OBJC_ROOT_CLASS = YES_ERROR;
				CLANG_WARN_QUOTED_INCLUDE_IN_FRAMEWORK_HEADER = YES;
				CLANG_WARN_RANGE_LOOP_ANALYSIS = YES;
				CLANG_WARN_STRICT_PROTOTYPES = YES;
				CLANG_WARN_SUSPICIOUS_MOVE = YES;
				CLANG_WARN_UNGUARDED_AVAILABILITY = YES_AGGRESSIVE;
				CLANG_WARN_UNREACHABLE_CODE = YES;
				CLANG_WARN__DUPLICATE_METHOD_MATCH = YES;
				COPY_PHASE_STRIP = NO;
				DEBUG_INFORMATION_FORMAT = dwarf;
				ENABLE_STRICT_OBJC_MSGSEND = YES;
				ENABLE_TESTABILITY = YES;
				GCC_C_LANGUAGE_STANDARD = gnu11;
				GCC_DYNAMIC_NO_PIC = NO;
				GCC_NO_COMMON_BLOCKS = YES;
				GCC_OPTIMIZATION_LEVEL = 0;
				GCC_PREPROCESSOR_DEFINITIONS = (
					"DEBUG=1",
					"$(inherited)",
				);
				GCC_WARN_64_TO_32_BIT_CONVERSION = YES;
				GCC_WARN_ABOUT_RETURN_TYPE = YES_ERROR;
				GCC_WARN_UNDECLARED_SELECTOR = YES;
				GCC_WARN_UNINITIALIZED_AUTOS = YES_AGGRESSIVE;
				GCC_WARN_UNUSED_FUNCTION = YES;
				GCC_WARN_UNUSED_VARIABLE = YES;
				IPHONEOS_DEPLOYMENT_TARGET = 15.2;
				MTL_ENABLE_DEBUG_INFO = INCLUDE_SOURCE;
				MTL_FAST_MATH = YES;
				ONLY_ACTIVE_ARCH = YES;
				SDKROOT = iphoneos;
				SWIFT_ACTIVE_COMPILATION_CONDITIONS = DEBUG;
				SWIFT_OPTIMIZATION_LEVEL = "-Onone";
			};
			name = Debug;
		};
		9244A42027D62E7C005F49B8 /* Release */ = {
			isa = XCBuildConfiguration;
			buildSettings = {
				ALWAYS_SEARCH_USER_PATHS = NO;
				CLANG_ANALYZER_NONNULL = YES;
				CLANG_ANALYZER_NUMBER_OBJECT_CONVERSION = YES_AGGRESSIVE;
				CLANG_CXX_LANGUAGE_STANDARD = "gnu++17";
				CLANG_CXX_LIBRARY = "libc++";
				CLANG_ENABLE_MODULES = YES;
				CLANG_ENABLE_OBJC_ARC = YES;
				CLANG_ENABLE_OBJC_WEAK = YES;
				CLANG_WARN_BLOCK_CAPTURE_AUTORELEASING = YES;
				CLANG_WARN_BOOL_CONVERSION = YES;
				CLANG_WARN_COMMA = YES;
				CLANG_WARN_CONSTANT_CONVERSION = YES;
				CLANG_WARN_DEPRECATED_OBJC_IMPLEMENTATIONS = YES;
				CLANG_WARN_DIRECT_OBJC_ISA_USAGE = YES_ERROR;
				CLANG_WARN_DOCUMENTATION_COMMENTS = YES;
				CLANG_WARN_EMPTY_BODY = YES;
				CLANG_WARN_ENUM_CONVERSION = YES;
				CLANG_WARN_INFINITE_RECURSION = YES;
				CLANG_WARN_INT_CONVERSION = YES;
				CLANG_WARN_NON_LITERAL_NULL_CONVERSION = YES;
				CLANG_WARN_OBJC_IMPLICIT_RETAIN_SELF = YES;
				CLANG_WARN_OBJC_LITERAL_CONVERSION = YES;
				CLANG_WARN_OBJC_ROOT_CLASS = YES_ERROR;
				CLANG_WARN_QUOTED_INCLUDE_IN_FRAMEWORK_HEADER = YES;
				CLANG_WARN_RANGE_LOOP_ANALYSIS = YES;
				CLANG_WARN_STRICT_PROTOTYPES = YES;
				CLANG_WARN_SUSPICIOUS_MOVE = YES;
				CLANG_WARN_UNGUARDED_AVAILABILITY = YES_AGGRESSIVE;
				CLANG_WARN_UNREACHABLE_CODE = YES;
				CLANG_WARN__DUPLICATE_METHOD_MATCH = YES;
				COPY_PHASE_STRIP = NO;
				DEBUG_INFORMATION_FORMAT = "dwarf-with-dsym";
				ENABLE_NS_ASSERTIONS = NO;
				ENABLE_STRICT_OBJC_MSGSEND = YES;
				GCC_C_LANGUAGE_STANDARD = gnu11;
				GCC_NO_COMMON_BLOCKS = YES;
				GCC_WARN_64_TO_32_BIT_CONVERSION = YES;
				GCC_WARN_ABOUT_RETURN_TYPE = YES_ERROR;
				GCC_WARN_UNDECLARED_SELECTOR = YES;
				GCC_WARN_UNINITIALIZED_AUTOS = YES_AGGRESSIVE;
				GCC_WARN_UNUSED_FUNCTION = YES;
				GCC_WARN_UNUSED_VARIABLE = YES;
				IPHONEOS_DEPLOYMENT_TARGET = 15.2;
				MTL_ENABLE_DEBUG_INFO = NO;
				MTL_FAST_MATH = YES;
				SDKROOT = iphoneos;
				SWIFT_COMPILATION_MODE = wholemodule;
				SWIFT_OPTIMIZATION_LEVEL = "-O";
				VALIDATE_PRODUCT = YES;
			};
			name = Release;
		};
		9244A42227D62E7C005F49B8 /* Debug */ = {
			isa = XCBuildConfiguration;
			buildSettings = {
				ASSETCATALOG_COMPILER_APPICON_NAME = AppIcon;
				ASSETCATALOG_COMPILER_GLOBAL_ACCENT_COLOR_NAME = AccentColor;
				CODE_SIGN_STYLE = Automatic;
				CURRENT_PROJECT_VERSION = 1;
				DEVELOPMENT_ASSET_PATHS = "\"CitySightsApp/Preview Content\"";
				DEVELOPMENT_TEAM = 7V3D63ALH9;
				ENABLE_PREVIEWS = YES;
				GENERATE_INFOPLIST_FILE = YES;
				INFOPLIST_KEY_NSLocationWhenInUseUsageDescription = "Grant permission to find restraurants and sights near you.";
				INFOPLIST_KEY_UIApplicationSceneManifest_Generation = YES;
				INFOPLIST_KEY_UIApplicationSupportsIndirectInputEvents = YES;
				INFOPLIST_KEY_UILaunchScreen_Generation = YES;
				INFOPLIST_KEY_UISupportedInterfaceOrientations_iPad = "UIInterfaceOrientationPortrait UIInterfaceOrientationPortraitUpsideDown UIInterfaceOrientationLandscapeLeft UIInterfaceOrientationLandscapeRight";
				INFOPLIST_KEY_UISupportedInterfaceOrientations_iPhone = "UIInterfaceOrientationPortrait UIInterfaceOrientationLandscapeLeft UIInterfaceOrientationLandscapeRight";
				LD_RUNPATH_SEARCH_PATHS = (
					"$(inherited)",
					"@executable_path/Frameworks",
				);
				MARKETING_VERSION = 1.0;
				PRODUCT_BUNDLE_IDENTIFIER = lessons.CitySightsApp;
				PRODUCT_NAME = "$(TARGET_NAME)";
				SWIFT_EMIT_LOC_STRINGS = YES;
				SWIFT_VERSION = 5.0;
				TARGETED_DEVICE_FAMILY = "1,2";
			};
			name = Debug;
		};
		9244A42327D62E7C005F49B8 /* Release */ = {
			isa = XCBuildConfiguration;
			buildSettings = {
				ASSETCATALOG_COMPILER_APPICON_NAME = AppIcon;
				ASSETCATALOG_COMPILER_GLOBAL_ACCENT_COLOR_NAME = AccentColor;
				CODE_SIGN_STYLE = Automatic;
				CURRENT_PROJECT_VERSION = 1;
				DEVELOPMENT_ASSET_PATHS = "\"CitySightsApp/Preview Content\"";
				DEVELOPMENT_TEAM = 7V3D63ALH9;
				ENABLE_PREVIEWS = YES;
				GENERATE_INFOPLIST_FILE = YES;
				INFOPLIST_KEY_NSLocationWhenInUseUsageDescription = "Grant permission to find restraurants and sights near you.";
				INFOPLIST_KEY_UIApplicationSceneManifest_Generation = YES;
				INFOPLIST_KEY_UIApplicationSupportsIndirectInputEvents = YES;
				INFOPLIST_KEY_UILaunchScreen_Generation = YES;
				INFOPLIST_KEY_UISupportedInterfaceOrientations_iPad = "UIInterfaceOrientationPortrait UIInterfaceOrientationPortraitUpsideDown UIInterfaceOrientationLandscapeLeft UIInterfaceOrientationLandscapeRight";
				INFOPLIST_KEY_UISupportedInterfaceOrientations_iPhone = "UIInterfaceOrientationPortrait UIInterfaceOrientationLandscapeLeft UIInterfaceOrientationLandscapeRight";
				LD_RUNPATH_SEARCH_PATHS = (
					"$(inherited)",
					"@executable_path/Frameworks",
				);
				MARKETING_VERSION = 1.0;
				PRODUCT_BUNDLE_IDENTIFIER = lessons.CitySightsApp;
				PRODUCT_NAME = "$(TARGET_NAME)";
				SWIFT_EMIT_LOC_STRINGS = YES;
				SWIFT_VERSION = 5.0;
				TARGETED_DEVICE_FAMILY = "1,2";
			};
			name = Release;
		};
/* End XCBuildConfiguration section */

/* Begin XCConfigurationList section */
		9244A40E27D62E7A005F49B8 /* Build configuration list for PBXProject "CitySightsApp" */ = {
			isa = XCConfigurationList;
			buildConfigurations = (
				9244A41F27D62E7C005F49B8 /* Debug */,
				9244A42027D62E7C005F49B8 /* Release */,
			);
			defaultConfigurationIsVisible = 0;
			defaultConfigurationName = Release;
		};
		9244A42127D62E7C005F49B8 /* Build configuration list for PBXNativeTarget "CitySightsApp" */ = {
			isa = XCConfigurationList;
			buildConfigurations = (
				9244A42227D62E7C005F49B8 /* Debug */,
				9244A42327D62E7C005F49B8 /* Release */,
			);
			defaultConfigurationIsVisible = 0;
			defaultConfigurationName = Release;
		};
/* End XCConfigurationList section */
	};
	rootObject = 9244A40B27D62E7A005F49B8 /* Project object */;
}
